
Microsoft Visual Studio Solution File, Format Version 12.00
# Visual Studio Version 17
VisualStudioVersion = 17.9.34728.123
MinimumVisualStudioVersion = 10.0.40219.1
Project("{FAE04EC0-301F-11D3-BF4B-00C04F79EFBC}") = "VectorPaint", "VectorPaint\VectorPaint.csproj", "{27BB9AA9-2911-4F0D-AEC7-0B0E19D2A613}"
EndProject
Global
	GlobalSection(SolutionConfigurationPlatforms) = preSolution
		Debug|Any CPU = Debug|Any CPU
		Release|Any CPU = Release|Any CPU
	EndGlobalSection
	GlobalSection(ProjectConfigurationPlatforms) = postSolution
		{27BB9AA9-2911-4F0D-AEC7-0B0E19D2A613}.Debug|Any CPU.ActiveCfg = Debug|Any CPU
		{27BB9AA9-2911-4F0D-AEC7-0B0E19D2A613}.Debug|Any CPU.Build.0 = Debug|Any CPU
		{27BB9AA9-2911-4F0D-AEC7-0B0E19D2A613}.Release|Any CPU.ActiveCfg = Release|Any CPU
		{27BB9AA9-2911-4F0D-AEC7-0B0E19D2A613}.Release|Any CPU.Build.0 = Release|Any CPU
	EndGlobalSection
	GlobalSection(SolutionProperties) = preSolution
		HideSolutionNode = FALSE
	EndGlobalSection
	GlobalSection(ExtensibilityGlobals) = postSolution
		SolutionGuid = {01747CE1-0638-4069-AE00-2BB085E3BBD9}
	EndGlobalSection
EndGlobal
